// !$*UTF8*$!
{
	archiveVersion = 1;
	classes = {
	};
	objectVersion = 50;
	objects = {

/* Begin PBXBuildFile section */
		84DCDBDA27C8FF4B005C9000 /* MenuuTableViewController.swift in Sources */ = {isa = PBXBuildFile; fileRef = 84DCDBD927C8FF4B005C9000 /* MenuuTableViewController.swift */; };
		84DCDBDC27C8FF88005C9000 /* MenuuPresenterProtocol.swift in Sources */ = {isa = PBXBuildFile; fileRef = 84DCDBDB27C8FF88005C9000 /* MenuuPresenterProtocol.swift */; };
		84DCDBDE27C8FFD7005C9000 /* MenuuViewProtocol.swift in Sources */ = {isa = PBXBuildFile; fileRef = 84DCDBDD27C8FFD7005C9000 /* MenuuViewProtocol.swift */; };
		84DCDBE027C9002B005C9000 /* MenuuPresenter.swift in Sources */ = {isa = PBXBuildFile; fileRef = 84DCDBDF27C9002B005C9000 /* MenuuPresenter.swift */; };
		84DCDBE227C9082D005C9000 /* MenuDetailsPresenterProtocol.swift in Sources */ = {isa = PBXBuildFile; fileRef = 84DCDBE127C9082D005C9000 /* MenuDetailsPresenterProtocol.swift */; };
		84DCDBE427C90943005C9000 /* MenuDetailsViewProtocol.swift in Sources */ = {isa = PBXBuildFile; fileRef = 84DCDBE327C90943005C9000 /* MenuDetailsViewProtocol.swift */; };
		84DCDBE727C90F28005C9000 /* ImageView.swift in Sources */ = {isa = PBXBuildFile; fileRef = 84DCDBE627C90F28005C9000 /* ImageView.swift */; };
		84DCDBEB27C91AFD005C9000 /* SharedItems.swift in Sources */ = {isa = PBXBuildFile; fileRef = 84DCDBEA27C91AFD005C9000 /* SharedItems.swift */; };
		84DCDBED27C91B79005C9000 /* SharedMenu.swift in Sources */ = {isa = PBXBuildFile; fileRef = 84DCDBEC27C91B79005C9000 /* SharedMenu.swift */; };
		84DCDBEF27C91C16005C9000 /* NetworkingProtocol.swift in Sources */ = {isa = PBXBuildFile; fileRef = 84DCDBEE27C91C16005C9000 /* NetworkingProtocol.swift */; };
		84DCDBF127C923E7005C9000 /* OrderPresenterProtocol.swift in Sources */ = {isa = PBXBuildFile; fileRef = 84DCDBF027C923E7005C9000 /* OrderPresenterProtocol.swift */; };
		84DE390027C8C4B500755AF1 /* AppDelegate.swift in Sources */ = {isa = PBXBuildFile; fileRef = 84DE38FF27C8C4B500755AF1 /* AppDelegate.swift */; };
		84DE390227C8C4B500755AF1 /* SceneDelegate.swift in Sources */ = {isa = PBXBuildFile; fileRef = 84DE390127C8C4B500755AF1 /* SceneDelegate.swift */; };
		84DE390427C8C4B500755AF1 /* CategoryViewController.swift in Sources */ = {isa = PBXBuildFile; fileRef = 84DE390327C8C4B500755AF1 /* CategoryViewController.swift */; };
		84DE390727C8C4B500755AF1 /* Main.storyboard in Resources */ = {isa = PBXBuildFile; fileRef = 84DE390527C8C4B500755AF1 /* Main.storyboard */; };
		84DE390927C8C4B900755AF1 /* Assets.xcassets in Resources */ = {isa = PBXBuildFile; fileRef = 84DE390827C8C4B900755AF1 /* Assets.xcassets */; };
		84DE390C27C8C4B900755AF1 /* LaunchScreen.storyboard in Resources */ = {isa = PBXBuildFile; fileRef = 84DE390A27C8C4B900755AF1 /* LaunchScreen.storyboard */; };
		84DE391B27C8C8CD00755AF1 /* CategoryPresenter.swift in Sources */ = {isa = PBXBuildFile; fileRef = 84DE391A27C8C8CD00755AF1 /* CategoryPresenter.swift */; };
		84DE391D27C8C8FC00755AF1 /* NetworkManager.swift in Sources */ = {isa = PBXBuildFile; fileRef = 84DE391C27C8C8FC00755AF1 /* NetworkManager.swift */; };
		84DE392427C8CDB300755AF1 /* OrderTableViewController.swift in Sources */ = {isa = PBXBuildFile; fileRef = 84DE392327C8CDB300755AF1 /* OrderTableViewController.swift */; };
		84DE392627C8CDD300755AF1 /* OrderPresenter.swift in Sources */ = {isa = PBXBuildFile; fileRef = 84DE392527C8CDD300755AF1 /* OrderPresenter.swift */; };
		84DE392927C8CFA000755AF1 /* MenuDetailsViewController.swift in Sources */ = {isa = PBXBuildFile; fileRef = 84DE392827C8CFA000755AF1 /* MenuDetailsViewController.swift */; };
		84DE392B27C8CFBA00755AF1 /* MenuDetailsPresenter.swift in Sources */ = {isa = PBXBuildFile; fileRef = 84DE392A27C8CFBA00755AF1 /* MenuDetailsPresenter.swift */; };
		84DE392D27C8D06F00755AF1 /* MenuItem.swift in Sources */ = {isa = PBXBuildFile; fileRef = 84DE392C27C8D06F00755AF1 /* MenuItem.swift */; };
		84DE392F27C8D0B100755AF1 /* MenuItemsResponse.swift in Sources */ = {isa = PBXBuildFile; fileRef = 84DE392E27C8D0B100755AF1 /* MenuItemsResponse.swift */; };
		84DE393127C8D0EB00755AF1 /* CategoriesResponse.swift in Sources */ = {isa = PBXBuildFile; fileRef = 84DE393027C8D0EB00755AF1 /* CategoriesResponse.swift */; };
		84DE393327C8D11C00755AF1 /* OrdersResponse.swift in Sources */ = {isa = PBXBuildFile; fileRef = 84DE393227C8D11C00755AF1 /* OrdersResponse.swift */; };
		84DE393527C8D15400755AF1 /* Order.swift in Sources */ = {isa = PBXBuildFile; fileRef = 84DE393427C8D15400755AF1 /* Order.swift */; };
		84DE393827C8D3DF00755AF1 /* EndPoint.swift in Sources */ = {isa = PBXBuildFile; fileRef = 84DE393727C8D3DF00755AF1 /* EndPoint.swift */; };
		84DE393A27C8D40B00755AF1 /* HttpMethod.swift in Sources */ = {isa = PBXBuildFile; fileRef = 84DE393927C8D40B00755AF1 /* HttpMethod.swift */; };
		84DE393C27C8D42C00755AF1 /* MangerErrors.swift in Sources */ = {isa = PBXBuildFile; fileRef = 84DE393B27C8D42C00755AF1 /* MangerErrors.swift */; };
		84DE393F27C8D8B900755AF1 /* CategoryPresenterProtocol.swift in Sources */ = {isa = PBXBuildFile; fileRef = 84DE393E27C8D8B900755AF1 /* CategoryPresenterProtocol.swift */; };
		84DE394427C8E18700755AF1 /* CategoryViewProtocol.swift in Sources */ = {isa = PBXBuildFile; fileRef = 84DE394327C8E18700755AF1 /* CategoryViewProtocol.swift */; };
		84E0CC3E27CA24B10049FCE6 /* OrderTableViewProtocol.swift in Sources */ = {isa = PBXBuildFile; fileRef = 84E0CC3D27CA24B10049FCE6 /* OrderTableViewProtocol.swift */; };
		84E0CC5C27CA5B6F0049FCE6 /* OrderAppTestsbySameh.swift in Sources */ = {isa = PBXBuildFile; fileRef = 84E0CC5B27CA5B6F0049FCE6 /* OrderAppTestsbySameh.swift */; };
		CA79AB0A27CA50DE00BEFF93 /* OrderAppTestsThoraya.swift in Sources */ = {isa = PBXBuildFile; fileRef = CA79AB0927CA50DE00BEFF93 /* OrderAppTestsThoraya.swift */; };
/* End PBXBuildFile section */

/* Begin PBXContainerItemProxy section */
		84E0CC5E27CA5B6F0049FCE6 /* PBXContainerItemProxy */ = {
			isa = PBXContainerItemProxy;
			containerPortal = 84DE38F427C8C4B400755AF1 /* Project object */;
			proxyType = 1;
			remoteGlobalIDString = 84DE38FB27C8C4B400755AF1;
			remoteInfo = OrderApp;
		};
		CA79AB0C27CA50DE00BEFF93 /* PBXContainerItemProxy */ = {
			isa = PBXContainerItemProxy;
			containerPortal = 84DE38F427C8C4B400755AF1 /* Project object */;
			proxyType = 1;
			remoteGlobalIDString = 84DE38FB27C8C4B400755AF1;
			remoteInfo = OrderApp;
		};
/* End PBXContainerItemProxy section */

/* Begin PBXFileReference section */
		84DCDBD927C8FF4B005C9000 /* MenuuTableViewController.swift */ = {isa = PBXFileReference; lastKnownFileType = sourcecode.swift; path = MenuuTableViewController.swift; sourceTree = "<group>"; };
		84DCDBDB27C8FF88005C9000 /* MenuuPresenterProtocol.swift */ = {isa = PBXFileReference; lastKnownFileType = sourcecode.swift; path = MenuuPresenterProtocol.swift; sourceTree = "<group>"; };
		84DCDBDD27C8FFD7005C9000 /* MenuuViewProtocol.swift */ = {isa = PBXFileReference; lastKnownFileType = sourcecode.swift; path = MenuuViewProtocol.swift; sourceTree = "<group>"; };
		84DCDBDF27C9002B005C9000 /* MenuuPresenter.swift */ = {isa = PBXFileReference; lastKnownFileType = sourcecode.swift; path = MenuuPresenter.swift; sourceTree = "<group>"; };
		84DCDBE127C9082D005C9000 /* MenuDetailsPresenterProtocol.swift */ = {isa = PBXFileReference; lastKnownFileType = sourcecode.swift; path = MenuDetailsPresenterProtocol.swift; sourceTree = "<group>"; };
		84DCDBE327C90943005C9000 /* MenuDetailsViewProtocol.swift */ = {isa = PBXFileReference; lastKnownFileType = sourcecode.swift; path = MenuDetailsViewProtocol.swift; sourceTree = "<group>"; };
		84DCDBE627C90F28005C9000 /* ImageView.swift */ = {isa = PBXFileReference; lastKnownFileType = sourcecode.swift; path = ImageView.swift; sourceTree = "<group>"; };
		84DCDBEA27C91AFD005C9000 /* SharedItems.swift */ = {isa = PBXFileReference; lastKnownFileType = sourcecode.swift; path = SharedItems.swift; sourceTree = "<group>"; };
		84DCDBEC27C91B79005C9000 /* SharedMenu.swift */ = {isa = PBXFileReference; lastKnownFileType = sourcecode.swift; path = SharedMenu.swift; sourceTree = "<group>"; };
		84DCDBEE27C91C16005C9000 /* NetworkingProtocol.swift */ = {isa = PBXFileReference; lastKnownFileType = sourcecode.swift; path = NetworkingProtocol.swift; sourceTree = "<group>"; };
		84DCDBF027C923E7005C9000 /* OrderPresenterProtocol.swift */ = {isa = PBXFileReference; lastKnownFileType = sourcecode.swift; path = OrderPresenterProtocol.swift; sourceTree = "<group>"; };
		84DE38FC27C8C4B500755AF1 /* OrderApp.app */ = {isa = PBXFileReference; explicitFileType = wrapper.application; includeInIndex = 0; path = OrderApp.app; sourceTree = BUILT_PRODUCTS_DIR; };
		84DE38FF27C8C4B500755AF1 /* AppDelegate.swift */ = {isa = PBXFileReference; lastKnownFileType = sourcecode.swift; path = AppDelegate.swift; sourceTree = "<group>"; };
		84DE390127C8C4B500755AF1 /* SceneDelegate.swift */ = {isa = PBXFileReference; lastKnownFileType = sourcecode.swift; path = SceneDelegate.swift; sourceTree = "<group>"; };
		84DE390327C8C4B500755AF1 /* CategoryViewController.swift */ = {isa = PBXFileReference; lastKnownFileType = sourcecode.swift; path = CategoryViewController.swift; sourceTree = "<group>"; };
		84DE390627C8C4B500755AF1 /* Base */ = {isa = PBXFileReference; lastKnownFileType = file.storyboard; name = Base; path = Base.lproj/Main.storyboard; sourceTree = "<group>"; };
		84DE390827C8C4B900755AF1 /* Assets.xcassets */ = {isa = PBXFileReference; lastKnownFileType = folder.assetcatalog; path = Assets.xcassets; sourceTree = "<group>"; };
		84DE390B27C8C4B900755AF1 /* Base */ = {isa = PBXFileReference; lastKnownFileType = file.storyboard; name = Base; path = Base.lproj/LaunchScreen.storyboard; sourceTree = "<group>"; };
		84DE390D27C8C4B900755AF1 /* Info.plist */ = {isa = PBXFileReference; lastKnownFileType = text.plist.xml; path = Info.plist; sourceTree = "<group>"; };
		84DE391A27C8C8CD00755AF1 /* CategoryPresenter.swift */ = {isa = PBXFileReference; lastKnownFileType = sourcecode.swift; path = CategoryPresenter.swift; sourceTree = "<group>"; };
		84DE391C27C8C8FC00755AF1 /* NetworkManager.swift */ = {isa = PBXFileReference; lastKnownFileType = sourcecode.swift; path = NetworkManager.swift; sourceTree = "<group>"; };
		84DE392327C8CDB300755AF1 /* OrderTableViewController.swift */ = {isa = PBXFileReference; lastKnownFileType = sourcecode.swift; path = OrderTableViewController.swift; sourceTree = "<group>"; };
		84DE392527C8CDD300755AF1 /* OrderPresenter.swift */ = {isa = PBXFileReference; lastKnownFileType = sourcecode.swift; path = OrderPresenter.swift; sourceTree = "<group>"; };
		84DE392827C8CFA000755AF1 /* MenuDetailsViewController.swift */ = {isa = PBXFileReference; lastKnownFileType = sourcecode.swift; path = MenuDetailsViewController.swift; sourceTree = "<group>"; };
		84DE392A27C8CFBA00755AF1 /* MenuDetailsPresenter.swift */ = {isa = PBXFileReference; lastKnownFileType = sourcecode.swift; path = MenuDetailsPresenter.swift; sourceTree = "<group>"; };
		84DE392C27C8D06F00755AF1 /* MenuItem.swift */ = {isa = PBXFileReference; lastKnownFileType = sourcecode.swift; path = MenuItem.swift; sourceTree = "<group>"; };
		84DE392E27C8D0B100755AF1 /* MenuItemsResponse.swift */ = {isa = PBXFileReference; lastKnownFileType = sourcecode.swift; path = MenuItemsResponse.swift; sourceTree = "<group>"; };
		84DE393027C8D0EB00755AF1 /* CategoriesResponse.swift */ = {isa = PBXFileReference; lastKnownFileType = sourcecode.swift; path = CategoriesResponse.swift; sourceTree = "<group>"; };
		84DE393227C8D11C00755AF1 /* OrdersResponse.swift */ = {isa = PBXFileReference; lastKnownFileType = sourcecode.swift; path = OrdersResponse.swift; sourceTree = "<group>"; };
		84DE393427C8D15400755AF1 /* Order.swift */ = {isa = PBXFileReference; lastKnownFileType = sourcecode.swift; path = Order.swift; sourceTree = "<group>"; };
		84DE393727C8D3DF00755AF1 /* EndPoint.swift */ = {isa = PBXFileReference; lastKnownFileType = sourcecode.swift; path = EndPoint.swift; sourceTree = "<group>"; };
		84DE393927C8D40B00755AF1 /* HttpMethod.swift */ = {isa = PBXFileReference; lastKnownFileType = sourcecode.swift; path = HttpMethod.swift; sourceTree = "<group>"; };
		84DE393B27C8D42C00755AF1 /* MangerErrors.swift */ = {isa = PBXFileReference; lastKnownFileType = sourcecode.swift; path = MangerErrors.swift; sourceTree = "<group>"; };
		84DE393E27C8D8B900755AF1 /* CategoryPresenterProtocol.swift */ = {isa = PBXFileReference; lastKnownFileType = sourcecode.swift; path = CategoryPresenterProtocol.swift; sourceTree = "<group>"; };
		84DE394327C8E18700755AF1 /* CategoryViewProtocol.swift */ = {isa = PBXFileReference; lastKnownFileType = sourcecode.swift; path = CategoryViewProtocol.swift; sourceTree = "<group>"; };
		84E0CC3D27CA24B10049FCE6 /* OrderTableViewProtocol.swift */ = {isa = PBXFileReference; lastKnownFileType = sourcecode.swift; path = OrderTableViewProtocol.swift; sourceTree = "<group>"; };
		84E0CC5927CA5B6F0049FCE6 /* OrderAppTestsbySameh.xctest */ = {isa = PBXFileReference; explicitFileType = wrapper.cfbundle; includeInIndex = 0; path = OrderAppTestsbySameh.xctest; sourceTree = BUILT_PRODUCTS_DIR; };
		84E0CC5B27CA5B6F0049FCE6 /* OrderAppTestsbySameh.swift */ = {isa = PBXFileReference; lastKnownFileType = sourcecode.swift; path = OrderAppTestsbySameh.swift; sourceTree = "<group>"; };
		84E0CC5D27CA5B6F0049FCE6 /* Info.plist */ = {isa = PBXFileReference; lastKnownFileType = text.plist.xml; path = Info.plist; sourceTree = "<group>"; };
		CA79AB0727CA50DE00BEFF93 /* OrderAppTestsThoraya.xctest */ = {isa = PBXFileReference; explicitFileType = wrapper.cfbundle; includeInIndex = 0; path = OrderAppTestsThoraya.xctest; sourceTree = BUILT_PRODUCTS_DIR; };
		CA79AB0927CA50DE00BEFF93 /* OrderAppTestsThoraya.swift */ = {isa = PBXFileReference; lastKnownFileType = sourcecode.swift; path = OrderAppTestsThoraya.swift; sourceTree = "<group>"; };
		CA79AB0B27CA50DE00BEFF93 /* Info.plist */ = {isa = PBXFileReference; lastKnownFileType = text.plist.xml; path = Info.plist; sourceTree = "<group>"; };
/* End PBXFileReference section */

/* Begin PBXFrameworksBuildPhase section */
		84DE38F927C8C4B400755AF1 /* Frameworks */ = {
			isa = PBXFrameworksBuildPhase;
			buildActionMask = 2147483647;
			files = (
			);
			runOnlyForDeploymentPostprocessing = 0;
		};
		84E0CC5627CA5B6F0049FCE6 /* Frameworks */ = {
			isa = PBXFrameworksBuildPhase;
			buildActionMask = 2147483647;
			files = (
			);
			runOnlyForDeploymentPostprocessing = 0;
		};
		CA79AB0427CA50DE00BEFF93 /* Frameworks */ = {
			isa = PBXFrameworksBuildPhase;
			buildActionMask = 2147483647;
			files = (
			);
			runOnlyForDeploymentPostprocessing = 0;
		};
/* End PBXFrameworksBuildPhase section */

/* Begin PBXGroup section */
		84DCDBD827C8FF31005C9000 /* Menu2 */ = {
			isa = PBXGroup;
			children = (
				84E0CC3F27CA38340049FCE6 /* vieww */,
				84E0CC4027CA38480049FCE6 /* Presenterr */,
			);
			path = Menu2;
			sourceTree = "<group>";
		};
		84DCDBE527C90F15005C9000 /* ImageView */ = {
			isa = PBXGroup;
			children = (
				84DCDBE627C90F28005C9000 /* ImageView.swift */,
			);
			path = ImageView;
			sourceTree = "<group>";
		};
		84DCDBE927C91AD4005C9000 /* SharedItems */ = {
			isa = PBXGroup;
			children = (
				84DCDBEA27C91AFD005C9000 /* SharedItems.swift */,
				84DCDBEC27C91B79005C9000 /* SharedMenu.swift */,
			);
			path = SharedItems;
			sourceTree = "<group>";
		};
		84DE38F327C8C4B400755AF1 = {
			isa = PBXGroup;
			children = (
				84DE38FE27C8C4B500755AF1 /* OrderApp */,
				CA79AB0827CA50DE00BEFF93 /* OrderAppTestsThoraya */,
				84E0CC5A27CA5B6F0049FCE6 /* OrderAppTestsbySameh */,
				84DE38FD27C8C4B500755AF1 /* Products */,
			);
			sourceTree = "<group>";
		};
		84DE38FD27C8C4B500755AF1 /* Products */ = {
			isa = PBXGroup;
			children = (
				84DE38FC27C8C4B500755AF1 /* OrderApp.app */,
				CA79AB0727CA50DE00BEFF93 /* OrderAppTestsThoraya.xctest */,
				84E0CC5927CA5B6F0049FCE6 /* OrderAppTestsbySameh.xctest */,
			);
			name = Products;
			sourceTree = "<group>";
		};
		84DE38FE27C8C4B500755AF1 /* OrderApp */ = {
			isa = PBXGroup;
			children = (
				84DE391327C8C70C00755AF1 /* AppDelegate */,
				84DE391527C8C72C00755AF1 /* Storyboards */,
				84DE391427C8C71F00755AF1 /* Modules */,
				84DE391927C8C86C00755AF1 /* Model */,
				84DE390827C8C4B900755AF1 /* Assets.xcassets */,
				84DE390D27C8C4B900755AF1 /* Info.plist */,
			);
			path = OrderApp;
			sourceTree = "<group>";
		};
		84DE391327C8C70C00755AF1 /* AppDelegate */ = {
			isa = PBXGroup;
			children = (
				84DE38FF27C8C4B500755AF1 /* AppDelegate.swift */,
				84DE390127C8C4B500755AF1 /* SceneDelegate.swift */,
			);
			path = AppDelegate;
			sourceTree = "<group>";
		};
		84DE391427C8C71F00755AF1 /* Modules */ = {
			isa = PBXGroup;
			children = (
				84DCDBE927C91AD4005C9000 /* SharedItems */,
				84DCDBD827C8FF31005C9000 /* Menu2 */,
				84DE391627C8C78600755AF1 /* Category */,
				84DE392227C8CD9700755AF1 /* MyOrder */,
				84DE392727C8CF6F00755AF1 /* MenuDetails */,
			);
			path = Modules;
			sourceTree = "<group>";
		};
		84DE391527C8C72C00755AF1 /* Storyboards */ = {
			isa = PBXGroup;
			children = (
				84DE390527C8C4B500755AF1 /* Main.storyboard */,
				84DE390A27C8C4B900755AF1 /* LaunchScreen.storyboard */,
			);
			path = Storyboards;
			sourceTree = "<group>";
		};
		84DE391627C8C78600755AF1 /* Category */ = {
			isa = PBXGroup;
			children = (
				84DE394227C8E16500755AF1 /* CategoriesView */,
				84DE393D27C8D89600755AF1 /* Presenter */,
			);
			path = Category;
			sourceTree = "<group>";
		};
		84DE391927C8C86C00755AF1 /* Model */ = {
			isa = PBXGroup;
			children = (
				84DCDBE527C90F15005C9000 /* ImageView */,
				84DE393627C8D3BB00755AF1 /* Networking */,
				84DE392C27C8D06F00755AF1 /* MenuItem.swift */,
				84DE392E27C8D0B100755AF1 /* MenuItemsResponse.swift */,
				84DE393027C8D0EB00755AF1 /* CategoriesResponse.swift */,
				84DE393227C8D11C00755AF1 /* OrdersResponse.swift */,
				84DE393427C8D15400755AF1 /* Order.swift */,
			);
			path = Model;
			sourceTree = "<group>";
		};
		84DE392227C8CD9700755AF1 /* MyOrder */ = {
			isa = PBXGroup;
			children = (
				84E0CC4127CA3E8F0049FCE6 /* View */,
				84E0CC4227CA3EAF0049FCE6 /* Presenter */,
			);
			path = MyOrder;
			sourceTree = "<group>";
		};
		84DE392727C8CF6F00755AF1 /* MenuDetails */ = {
			isa = PBXGroup;
			children = (
				84E0CC4327CA40DB0049FCE6 /* View */,
				84E0CC4427CA40E60049FCE6 /* Presenter */,
			);
			path = MenuDetails;
			sourceTree = "<group>";
		};
		84DE393627C8D3BB00755AF1 /* Networking */ = {
			isa = PBXGroup;
			children = (
				84DCDBEE27C91C16005C9000 /* NetworkingProtocol.swift */,
				84DE391C27C8C8FC00755AF1 /* NetworkManager.swift */,
				84DE393727C8D3DF00755AF1 /* EndPoint.swift */,
				84DE393927C8D40B00755AF1 /* HttpMethod.swift */,
				84DE393B27C8D42C00755AF1 /* MangerErrors.swift */,
			);
			path = Networking;
			sourceTree = "<group>";
		};
		84DE393D27C8D89600755AF1 /* Presenter */ = {
			isa = PBXGroup;
			children = (
				84DE391A27C8C8CD00755AF1 /* CategoryPresenter.swift */,
				84DE393E27C8D8B900755AF1 /* CategoryPresenterProtocol.swift */,
			);
			path = Presenter;
			sourceTree = "<group>";
		};
		84DE394227C8E16500755AF1 /* CategoriesView */ = {
			isa = PBXGroup;
			children = (
				84DE390327C8C4B500755AF1 /* CategoryViewController.swift */,
				84DE394327C8E18700755AF1 /* CategoryViewProtocol.swift */,
			);
			path = CategoriesView;
			sourceTree = "<group>";
		};
		84E0CC3F27CA38340049FCE6 /* vieww */ = {
			isa = PBXGroup;
			children = (
				84DCDBD927C8FF4B005C9000 /* MenuuTableViewController.swift */,
				84DCDBDD27C8FFD7005C9000 /* MenuuViewProtocol.swift */,
			);
			path = vieww;
			sourceTree = "<group>";
		};
		84E0CC4027CA38480049FCE6 /* Presenterr */ = {
			isa = PBXGroup;
			children = (
				84DCDBDB27C8FF88005C9000 /* MenuuPresenterProtocol.swift */,
				84DCDBDF27C9002B005C9000 /* MenuuPresenter.swift */,
			);
			path = Presenterr;
			sourceTree = "<group>";
		};
		84E0CC4127CA3E8F0049FCE6 /* View */ = {
			isa = PBXGroup;
			children = (
				84DE392327C8CDB300755AF1 /* OrderTableViewController.swift */,
				84E0CC3D27CA24B10049FCE6 /* OrderTableViewProtocol.swift */,
			);
			path = View;
			sourceTree = "<group>";
		};
		84E0CC4227CA3EAF0049FCE6 /* Presenter */ = {
			isa = PBXGroup;
			children = (
				84DE392527C8CDD300755AF1 /* OrderPresenter.swift */,
				84DCDBF027C923E7005C9000 /* OrderPresenterProtocol.swift */,
			);
			path = Presenter;
			sourceTree = "<group>";
		};
		84E0CC4327CA40DB0049FCE6 /* View */ = {
			isa = PBXGroup;
			children = (
				84DE392827C8CFA000755AF1 /* MenuDetailsViewController.swift */,
				84DCDBE327C90943005C9000 /* MenuDetailsViewProtocol.swift */,
			);
			path = View;
			sourceTree = "<group>";
		};
		84E0CC4427CA40E60049FCE6 /* Presenter */ = {
			isa = PBXGroup;
			children = (
				84DE392A27C8CFBA00755AF1 /* MenuDetailsPresenter.swift */,
				84DCDBE127C9082D005C9000 /* MenuDetailsPresenterProtocol.swift */,
			);
			path = Presenter;
			sourceTree = "<group>";
		};
		84E0CC5A27CA5B6F0049FCE6 /* OrderAppTestsbySameh */ = {
			isa = PBXGroup;
			children = (
				84E0CC5B27CA5B6F0049FCE6 /* OrderAppTestsbySameh.swift */,
				84E0CC5D27CA5B6F0049FCE6 /* Info.plist */,
			);
			path = OrderAppTestsbySameh;
			sourceTree = "<group>";
		};
		CA79AB0827CA50DE00BEFF93 /* OrderAppTestsThoraya */ = {
			isa = PBXGroup;
			children = (
				CA79AB0927CA50DE00BEFF93 /* OrderAppTestsThoraya.swift */,
				CA79AB0B27CA50DE00BEFF93 /* Info.plist */,
			);
			path = OrderAppTestsThoraya;
			sourceTree = "<group>";
		};
/* End PBXGroup section */

/* Begin PBXNativeTarget section */
		84DE38FB27C8C4B400755AF1 /* OrderApp */ = {
			isa = PBXNativeTarget;
			buildConfigurationList = 84DE391027C8C4B900755AF1 /* Build configuration list for PBXNativeTarget "OrderApp" */;
			buildPhases = (
				84DE38F827C8C4B400755AF1 /* Sources */,
				84DE38F927C8C4B400755AF1 /* Frameworks */,
				84DE38FA27C8C4B400755AF1 /* Resources */,
			);
			buildRules = (
			);
			dependencies = (
			);
			name = OrderApp;
			productName = OrderApp;
			productReference = 84DE38FC27C8C4B500755AF1 /* OrderApp.app */;
			productType = "com.apple.product-type.application";
		};
		84E0CC5827CA5B6F0049FCE6 /* OrderAppTestsbySameh */ = {
			isa = PBXNativeTarget;
			buildConfigurationList = 84E0CC6227CA5B6F0049FCE6 /* Build configuration list for PBXNativeTarget "OrderAppTestsbySameh" */;
			buildPhases = (
				84E0CC5527CA5B6F0049FCE6 /* Sources */,
				84E0CC5627CA5B6F0049FCE6 /* Frameworks */,
				84E0CC5727CA5B6F0049FCE6 /* Resources */,
			);
			buildRules = (
			);
			dependencies = (
				84E0CC5F27CA5B6F0049FCE6 /* PBXTargetDependency */,
			);
			name = OrderAppTestsbySameh;
			productName = OrderAppTestsbySameh;
			productReference = 84E0CC5927CA5B6F0049FCE6 /* OrderAppTestsbySameh.xctest */;
			productType = "com.apple.product-type.bundle.unit-test";
		};
		CA79AB0627CA50DE00BEFF93 /* OrderAppTestsThoraya */ = {
			isa = PBXNativeTarget;
			buildConfigurationList = CA79AB1027CA50DE00BEFF93 /* Build configuration list for PBXNativeTarget "OrderAppTestsThoraya" */;
			buildPhases = (
				CA79AB0327CA50DE00BEFF93 /* Sources */,
				CA79AB0427CA50DE00BEFF93 /* Frameworks */,
				CA79AB0527CA50DE00BEFF93 /* Resources */,
			);
			buildRules = (
			);
			dependencies = (
				CA79AB0D27CA50DE00BEFF93 /* PBXTargetDependency */,
			);
			name = OrderAppTestsThoraya;
			productName = OrderAppTestsThoraya;
			productReference = CA79AB0727CA50DE00BEFF93 /* OrderAppTestsThoraya.xctest */;
			productType = "com.apple.product-type.bundle.unit-test";
		};
/* End PBXNativeTarget section */

/* Begin PBXProject section */
		84DE38F427C8C4B400755AF1 /* Project object */ = {
			isa = PBXProject;
			attributes = {
				LastSwiftUpdateCheck = 1150;
				LastUpgradeCheck = 1150;
				ORGANIZATIONNAME = admin;
				TargetAttributes = {
					84DE38FB27C8C4B400755AF1 = {
						CreatedOnToolsVersion = 11.5;
					};
					84E0CC5827CA5B6F0049FCE6 = {
						CreatedOnToolsVersion = 11.5;
						TestTargetID = 84DE38FB27C8C4B400755AF1;
					};
					CA79AB0627CA50DE00BEFF93 = {
						CreatedOnToolsVersion = 11.5;
						TestTargetID = 84DE38FB27C8C4B400755AF1;
					};
				};
			};
			buildConfigurationList = 84DE38F727C8C4B400755AF1 /* Build configuration list for PBXProject "OrderApp" */;
			compatibilityVersion = "Xcode 9.3";
			developmentRegion = en;
			hasScannedForEncodings = 0;
			knownRegions = (
				en,
				Base,
			);
			mainGroup = 84DE38F327C8C4B400755AF1;
			productRefGroup = 84DE38FD27C8C4B500755AF1 /* Products */;
			projectDirPath = "";
			projectRoot = "";
			targets = (
				84DE38FB27C8C4B400755AF1 /* OrderApp */,
				CA79AB0627CA50DE00BEFF93 /* OrderAppTestsThoraya */,
				84E0CC5827CA5B6F0049FCE6 /* OrderAppTestsbySameh */,
			);
		};
/* End PBXProject section */

/* Begin PBXResourcesBuildPhase section */
		84DE38FA27C8C4B400755AF1 /* Resources */ = {
			isa = PBXResourcesBuildPhase;
			buildActionMask = 2147483647;
			files = (
				84DE390C27C8C4B900755AF1 /* LaunchScreen.storyboard in Resources */,
				84DE390927C8C4B900755AF1 /* Assets.xcassets in Resources */,
				84DE390727C8C4B500755AF1 /* Main.storyboard in Resources */,
			);
			runOnlyForDeploymentPostprocessing = 0;
		};
		84E0CC5727CA5B6F0049FCE6 /* Resources */ = {
			isa = PBXResourcesBuildPhase;
			buildActionMask = 2147483647;
			files = (
			);
			runOnlyForDeploymentPostprocessing = 0;
		};
		CA79AB0527CA50DE00BEFF93 /* Resources */ = {
			isa = PBXResourcesBuildPhase;
			buildActionMask = 2147483647;
			files = (
			);
			runOnlyForDeploymentPostprocessing = 0;
		};
/* End PBXResourcesBuildPhase section */

/* Begin PBXSourcesBuildPhase section */
		84DE38F827C8C4B400755AF1 /* Sources */ = {
			isa = PBXSourcesBuildPhase;
			buildActionMask = 2147483647;
			files = (
				84DCDBE427C90943005C9000 /* MenuDetailsViewProtocol.swift in Sources */,
				84DE391B27C8C8CD00755AF1 /* CategoryPresenter.swift in Sources */,
				84DE393C27C8D42C00755AF1 /* MangerErrors.swift in Sources */,
				84DCDBE027C9002B005C9000 /* MenuuPresenter.swift in Sources */,
				84DCDBE727C90F28005C9000 /* ImageView.swift in Sources */,
				84DCDBDA27C8FF4B005C9000 /* MenuuTableViewController.swift in Sources */,
				84DE393F27C8D8B900755AF1 /* CategoryPresenterProtocol.swift in Sources */,
				84DE390427C8C4B500755AF1 /* CategoryViewController.swift in Sources */,
				84DCDBDE27C8FFD7005C9000 /* MenuuViewProtocol.swift in Sources */,
				84DCDBED27C91B79005C9000 /* SharedMenu.swift in Sources */,
				84DE393A27C8D40B00755AF1 /* HttpMethod.swift in Sources */,
				84DCDBF127C923E7005C9000 /* OrderPresenterProtocol.swift in Sources */,
				84DE393527C8D15400755AF1 /* Order.swift in Sources */,
				84DE393327C8D11C00755AF1 /* OrdersResponse.swift in Sources */,
				84DCDBE227C9082D005C9000 /* MenuDetailsPresenterProtocol.swift in Sources */,
				84DE392F27C8D0B100755AF1 /* MenuItemsResponse.swift in Sources */,
				84DCDBEB27C91AFD005C9000 /* SharedItems.swift in Sources */,
				84E0CC3E27CA24B10049FCE6 /* OrderTableViewProtocol.swift in Sources */,
				84DCDBEF27C91C16005C9000 /* NetworkingProtocol.swift in Sources */,
				84DE393827C8D3DF00755AF1 /* EndPoint.swift in Sources */,
				84DE392927C8CFA000755AF1 /* MenuDetailsViewController.swift in Sources */,
				84DE391D27C8C8FC00755AF1 /* NetworkManager.swift in Sources */,
				84DE392427C8CDB300755AF1 /* OrderTableViewController.swift in Sources */,
				84DE392B27C8CFBA00755AF1 /* MenuDetailsPresenter.swift in Sources */,
				84DE392627C8CDD300755AF1 /* OrderPresenter.swift in Sources */,
				84DE390027C8C4B500755AF1 /* AppDelegate.swift in Sources */,
				84DE392D27C8D06F00755AF1 /* MenuItem.swift in Sources */,
				84DE390227C8C4B500755AF1 /* SceneDelegate.swift in Sources */,
				84DE394427C8E18700755AF1 /* CategoryViewProtocol.swift in Sources */,
				84DCDBDC27C8FF88005C9000 /* MenuuPresenterProtocol.swift in Sources */,
				84DE393127C8D0EB00755AF1 /* CategoriesResponse.swift in Sources */,
			);
			runOnlyForDeploymentPostprocessing = 0;
		};
		84E0CC5527CA5B6F0049FCE6 /* Sources */ = {
			isa = PBXSourcesBuildPhase;
			buildActionMask = 2147483647;
			files = (
				84E0CC5C27CA5B6F0049FCE6 /* OrderAppTestsbySameh.swift in Sources */,
			);
			runOnlyForDeploymentPostprocessing = 0;
		};
		CA79AB0327CA50DE00BEFF93 /* Sources */ = {
			isa = PBXSourcesBuildPhase;
			buildActionMask = 2147483647;
			files = (
				CA79AB0A27CA50DE00BEFF93 /* OrderAppTestsThoraya.swift in Sources */,
			);
			runOnlyForDeploymentPostprocessing = 0;
		};
/* End PBXSourcesBuildPhase section */

/* Begin PBXTargetDependency section */
		84E0CC5F27CA5B6F0049FCE6 /* PBXTargetDependency */ = {
			isa = PBXTargetDependency;
			target = 84DE38FB27C8C4B400755AF1 /* OrderApp */;
			targetProxy = 84E0CC5E27CA5B6F0049FCE6 /* PBXContainerItemProxy */;
		};
		CA79AB0D27CA50DE00BEFF93 /* PBXTargetDependency */ = {
			isa = PBXTargetDependency;
			target = 84DE38FB27C8C4B400755AF1 /* OrderApp */;
			targetProxy = CA79AB0C27CA50DE00BEFF93 /* PBXContainerItemProxy */;
		};
/* End PBXTargetDependency section */

/* Begin PBXVariantGroup section */
		84DE390527C8C4B500755AF1 /* Main.storyboard */ = {
			isa = PBXVariantGroup;
			children = (
				84DE390627C8C4B500755AF1 /* Base */,
			);
			name = Main.storyboard;
			sourceTree = "<group>";
		};
		84DE390A27C8C4B900755AF1 /* LaunchScreen.storyboard */ = {
			isa = PBXVariantGroup;
			children = (
				84DE390B27C8C4B900755AF1 /* Base */,
			);
			name = LaunchScreen.storyboard;
			sourceTree = "<group>";
		};
/* End PBXVariantGroup section */

/* Begin XCBuildConfiguration section */
		84DE390E27C8C4B900755AF1 /* Debug */ = {
			isa = XCBuildConfiguration;
			buildSettings = {
				ALWAYS_SEARCH_USER_PATHS = NO;
				CLANG_ANALYZER_NONNULL = YES;
				CLANG_ANALYZER_NUMBER_OBJECT_CONVERSION = YES_AGGRESSIVE;
				CLANG_CXX_LANGUAGE_STANDARD = "gnu++14";
				CLANG_CXX_LIBRARY = "libc++";
				CLANG_ENABLE_MODULES = YES;
				CLANG_ENABLE_OBJC_ARC = YES;
				CLANG_ENABLE_OBJC_WEAK = YES;
				CLANG_WARN_BLOCK_CAPTURE_AUTORELEASING = YES;
				CLANG_WARN_BOOL_CONVERSION = YES;
				CLANG_WARN_COMMA = YES;
				CLANG_WARN_CONSTANT_CONVERSION = YES;
				CLANG_WARN_DEPRECATED_OBJC_IMPLEMENTATIONS = YES;
				CLANG_WARN_DIRECT_OBJC_ISA_USAGE = YES_ERROR;
				CLANG_WARN_DOCUMENTATION_COMMENTS = YES;
				CLANG_WARN_EMPTY_BODY = YES;
				CLANG_WARN_ENUM_CONVERSION = YES;
				CLANG_WARN_INFINITE_RECURSION = YES;
				CLANG_WARN_INT_CONVERSION = YES;
				CLANG_WARN_NON_LITERAL_NULL_CONVERSION = YES;
				CLANG_WARN_OBJC_IMPLICIT_RETAIN_SELF = YES;
				CLANG_WARN_OBJC_LITERAL_CONVERSION = YES;
				CLANG_WARN_OBJC_ROOT_CLASS = YES_ERROR;
				CLANG_WARN_RANGE_LOOP_ANALYSIS = YES;
				CLANG_WARN_STRICT_PROTOTYPES = YES;
				CLANG_WARN_SUSPICIOUS_MOVE = YES;
				CLANG_WARN_UNGUARDED_AVAILABILITY = YES_AGGRESSIVE;
				CLANG_WARN_UNREACHABLE_CODE = YES;
				CLANG_WARN__DUPLICATE_METHOD_MATCH = YES;
				COPY_PHASE_STRIP = NO;
				DEBUG_INFORMATION_FORMAT = dwarf;
				ENABLE_STRICT_OBJC_MSGSEND = YES;
				ENABLE_TESTABILITY = YES;
				GCC_C_LANGUAGE_STANDARD = gnu11;
				GCC_DYNAMIC_NO_PIC = NO;
				GCC_NO_COMMON_BLOCKS = YES;
				GCC_OPTIMIZATION_LEVEL = 0;
				GCC_PREPROCESSOR_DEFINITIONS = (
					"DEBUG=1",
					"$(inherited)",
				);
				GCC_WARN_64_TO_32_BIT_CONVERSION = YES;
				GCC_WARN_ABOUT_RETURN_TYPE = YES_ERROR;
				GCC_WARN_UNDECLARED_SELECTOR = YES;
				GCC_WARN_UNINITIALIZED_AUTOS = YES_AGGRESSIVE;
				GCC_WARN_UNUSED_FUNCTION = YES;
				GCC_WARN_UNUSED_VARIABLE = YES;
				IPHONEOS_DEPLOYMENT_TARGET = 13.5;
				MTL_ENABLE_DEBUG_INFO = INCLUDE_SOURCE;
				MTL_FAST_MATH = YES;
				ONLY_ACTIVE_ARCH = YES;
				SDKROOT = iphoneos;
				SWIFT_ACTIVE_COMPILATION_CONDITIONS = DEBUG;
				SWIFT_OPTIMIZATION_LEVEL = "-Onone";
			};
			name = Debug;
		};
		84DE390F27C8C4B900755AF1 /* Release */ = {
			isa = XCBuildConfiguration;
			buildSettings = {
				ALWAYS_SEARCH_USER_PATHS = NO;
				CLANG_ANALYZER_NONNULL = YES;
				CLANG_ANALYZER_NUMBER_OBJECT_CONVERSION = YES_AGGRESSIVE;
				CLANG_CXX_LANGUAGE_STANDARD = "gnu++14";
				CLANG_CXX_LIBRARY = "libc++";
				CLANG_ENABLE_MODULES = YES;
				CLANG_ENABLE_OBJC_ARC = YES;
				CLANG_ENABLE_OBJC_WEAK = YES;
				CLANG_WARN_BLOCK_CAPTURE_AUTORELEASING = YES;
				CLANG_WARN_BOOL_CONVERSION = YES;
				CLANG_WARN_COMMA = YES;
				CLANG_WARN_CONSTANT_CONVERSION = YES;
				CLANG_WARN_DEPRECATED_OBJC_IMPLEMENTATIONS = YES;
				CLANG_WARN_DIRECT_OBJC_ISA_USAGE = YES_ERROR;
				CLANG_WARN_DOCUMENTATION_COMMENTS = YES;
				CLANG_WARN_EMPTY_BODY = YES;
				CLANG_WARN_ENUM_CONVERSION = YES;
				CLANG_WARN_INFINITE_RECURSION = YES;
				CLANG_WARN_INT_CONVERSION = YES;
				CLANG_WARN_NON_LITERAL_NULL_CONVERSION = YES;
				CLANG_WARN_OBJC_IMPLICIT_RETAIN_SELF = YES;
				CLANG_WARN_OBJC_LITERAL_CONVERSION = YES;
				CLANG_WARN_OBJC_ROOT_CLASS = YES_ERROR;
				CLANG_WARN_RANGE_LOOP_ANALYSIS = YES;
				CLANG_WARN_STRICT_PROTOTYPES = YES;
				CLANG_WARN_SUSPICIOUS_MOVE = YES;
				CLANG_WARN_UNGUARDED_AVAILABILITY = YES_AGGRESSIVE;
				CLANG_WARN_UNREACHABLE_CODE = YES;
				CLANG_WARN__DUPLICATE_METHOD_MATCH = YES;
				COPY_PHASE_STRIP = NO;
				DEBUG_INFORMATION_FORMAT = "dwarf-with-dsym";
				ENABLE_NS_ASSERTIONS = NO;
				ENABLE_STRICT_OBJC_MSGSEND = YES;
				GCC_C_LANGUAGE_STANDARD = gnu11;
				GCC_NO_COMMON_BLOCKS = YES;
				GCC_WARN_64_TO_32_BIT_CONVERSION = YES;
				GCC_WARN_ABOUT_RETURN_TYPE = YES_ERROR;
				GCC_WARN_UNDECLARED_SELECTOR = YES;
				GCC_WARN_UNINITIALIZED_AUTOS = YES_AGGRESSIVE;
				GCC_WARN_UNUSED_FUNCTION = YES;
				GCC_WARN_UNUSED_VARIABLE = YES;
				IPHONEOS_DEPLOYMENT_TARGET = 13.5;
				MTL_ENABLE_DEBUG_INFO = NO;
				MTL_FAST_MATH = YES;
				SDKROOT = iphoneos;
				SWIFT_COMPILATION_MODE = wholemodule;
				SWIFT_OPTIMIZATION_LEVEL = "-O";
				VALIDATE_PRODUCT = YES;
			};
			name = Release;
		};
		84DE391127C8C4B900755AF1 /* Debug */ = {
			isa = XCBuildConfiguration;
			buildSettings = {
				ASSETCATALOG_COMPILER_APPICON_NAME = AppIcon;
				CODE_SIGN_STYLE = Automatic;
				DEVELOPMENT_TEAM = Q978G5G4S8;
				INFOPLIST_FILE = OrderApp/Info.plist;
				LD_RUNPATH_SEARCH_PATHS = (
					"$(inherited)",
					"@executable_path/Frameworks",
				);
				PRODUCT_BUNDLE_IDENTIFIER = com.sameh.OrderApp;
				PRODUCT_NAME = "$(TARGET_NAME)";
				SWIFT_VERSION = 5.0;
				TARGETED_DEVICE_FAMILY = "1,2";
			};
			name = Debug;
		};
		84DE391227C8C4B900755AF1 /* Release */ = {
			isa = XCBuildConfiguration;
			buildSettings = {
				ASSETCATALOG_COMPILER_APPICON_NAME = AppIcon;
				CODE_SIGN_STYLE = Automatic;
				DEVELOPMENT_TEAM = Q978G5G4S8;
				INFOPLIST_FILE = OrderApp/Info.plist;
				LD_RUNPATH_SEARCH_PATHS = (
					"$(inherited)",
					"@executable_path/Frameworks",
				);
				PRODUCT_BUNDLE_IDENTIFIER = com.sameh.OrderApp;
				PRODUCT_NAME = "$(TARGET_NAME)";
				SWIFT_VERSION = 5.0;
				TARGETED_DEVICE_FAMILY = "1,2";
			};
			name = Release;
		};
		84E0CC6027CA5B6F0049FCE6 /* Debug */ = {
			isa = XCBuildConfiguration;
			buildSettings = {
				BUNDLE_LOADER = "$(TEST_HOST)";
				CODE_SIGN_STYLE = Automatic;
				DEVELOPMENT_TEAM = Q978G5G4S8;
				INFOPLIST_FILE = OrderAppTestsbySameh/Info.plist;
				LD_RUNPATH_SEARCH_PATHS = (
					"$(inherited)",
					"@executable_path/Frameworks",
					"@loader_path/Frameworks",
				);
				PRODUCT_BUNDLE_IDENTIFIER = com.sameh.OrderAppTestsbySameh;
				PRODUCT_NAME = "$(TARGET_NAME)";
				SWIFT_VERSION = 5.0;
				TARGETED_DEVICE_FAMILY = "1,2";
				TEST_HOST = "$(BUILT_PRODUCTS_DIR)/OrderApp.app/OrderApp";
			};
			name = Debug;
		};
		84E0CC6127CA5B6F0049FCE6 /* Release */ = {
			isa = XCBuildConfiguration;
			buildSettings = {
				BUNDLE_LOADER = "$(TEST_HOST)";
				CODE_SIGN_STYLE = Automatic;
				DEVELOPMENT_TEAM = Q978G5G4S8;
				INFOPLIST_FILE = OrderAppTestsbySameh/Info.plist;
				LD_RUNPATH_SEARCH_PATHS = (
					"$(inherited)",
					"@executable_path/Frameworks",
					"@loader_path/Frameworks",
				);
				PRODUCT_BUNDLE_IDENTIFIER = com.sameh.OrderAppTestsbySameh;
				PRODUCT_NAME = "$(TARGET_NAME)";
				SWIFT_VERSION = 5.0;
				TARGETED_DEVICE_FAMILY = "1,2";
				TEST_HOST = "$(BUILT_PRODUCTS_DIR)/OrderApp.app/OrderApp";
			};
			name = Release;
		};
		CA79AB0E27CA50DE00BEFF93 /* Debug */ = {
			isa = XCBuildConfiguration;
			buildSettings = {
				BUNDLE_LOADER = "$(TEST_HOST)";
				CODE_SIGN_STYLE = Automatic;
				INFOPLIST_FILE = OrderAppTestsThoraya/Info.plist;
				LD_RUNPATH_SEARCH_PATHS = (
					"$(inherited)",
					"@executable_path/Frameworks",
					"@loader_path/Frameworks",
				);
				PRODUCT_BUNDLE_IDENTIFIER = "th-h.OrderAppTestsThoraya";
				PRODUCT_NAME = "$(TARGET_NAME)";
				SWIFT_VERSION = 5.0;
				TARGETED_DEVICE_FAMILY = "1,2";
				TEST_HOST = "$(BUILT_PRODUCTS_DIR)/OrderApp.app/OrderApp";
			};
			name = Debug;
		};
		CA79AB0F27CA50DE00BEFF93 /* Release */ = {
			isa = XCBuildConfiguration;
			buildSettings = {
				BUNDLE_LOADER = "$(TEST_HOST)";
				CODE_SIGN_STYLE = Automatic;
				INFOPLIST_FILE = OrderAppTestsThoraya/Info.plist;
				LD_RUNPATH_SEARCH_PATHS = (
					"$(inherited)",
					"@executable_path/Frameworks",
					"@loader_path/Frameworks",
				);
				PRODUCT_BUNDLE_IDENTIFIER = "th-h.OrderAppTestsThoraya";
				PRODUCT_NAME = "$(TARGET_NAME)";
				SWIFT_VERSION = 5.0;
				TARGETED_DEVICE_FAMILY = "1,2";
				TEST_HOST = "$(BUILT_PRODUCTS_DIR)/OrderApp.app/OrderApp";
			};
			name = Release;
		};
/* End XCBuildConfiguration section */

/* Begin XCConfigurationList section */
		84DE38F727C8C4B400755AF1 /* Build configuration list for PBXProject "OrderApp" */ = {
			isa = XCConfigurationList;
			buildConfigurations = (
				84DE390E27C8C4B900755AF1 /* Debug */,
				84DE390F27C8C4B900755AF1 /* Release */,
			);
			defaultConfigurationIsVisible = 0;
			defaultConfigurationName = Release;
		};
		84DE391027C8C4B900755AF1 /* Build configuration list for PBXNativeTarget "OrderApp" */ = {
			isa = XCConfigurationList;
			buildConfigurations = (
				84DE391127C8C4B900755AF1 /* Debug */,
				84DE391227C8C4B900755AF1 /* Release */,
			);
			defaultConfigurationIsVisible = 0;
			defaultConfigurationName = Release;
		};
		84E0CC6227CA5B6F0049FCE6 /* Build configuration list for PBXNativeTarget "OrderAppTestsbySameh" */ = {
			isa = XCConfigurationList;
			buildConfigurations = (
				84E0CC6027CA5B6F0049FCE6 /* Debug */,
				84E0CC6127CA5B6F0049FCE6 /* Release */,
			);
			defaultConfigurationIsVisible = 0;
			defaultConfigurationName = Release;
		};
		CA79AB1027CA50DE00BEFF93 /* Build configuration list for PBXNativeTarget "OrderAppTestsThoraya" */ = {
			isa = XCConfigurationList;
			buildConfigurations = (
				CA79AB0E27CA50DE00BEFF93 /* Debug */,
				CA79AB0F27CA50DE00BEFF93 /* Release */,
			);
			defaultConfigurationIsVisible = 0;
			defaultConfigurationName = Release;
		};
/* End XCConfigurationList section */
	};
	rootObject = 84DE38F427C8C4B400755AF1 /* Project object */;
}
